
Microsoft Visual Studio Solution File, Format Version 12.00
# Visual Studio Version 17
VisualStudioVersion = 17.5.33516.290
MinimumVisualStudioVersion = 10.0.40219.1
Project("{9A19103F-16F7-4668-BE54-9A1E7A4F7556}") = "PL", "PL\PL.csproj", "{07E22A49-7D79-462A-929A-657829AFE358}"
EndProject
Project("{9A19103F-16F7-4668-BE54-9A1E7A4F7556}") = "BL", "BL\BL.csproj", "{20677082-215D-4A4E-AD4F-87CA24A067A6}"
EndProject
Project("{9A19103F-16F7-4668-BE54-9A1E7A4F7556}") = "ML", "ML\ML.csproj", "{A1C56C46-D497-4B46-82AD-DCF191D63095}"
EndProject
Project("{9A19103F-16F7-4668-BE54-9A1E7A4F7556}") = "DL", "DL\DL.csproj", "{4610915C-4D5D-40C0-A588-3154DF0553FD}"
EndProject
Project("{FAE04EC0-301F-11D3-BF4B-00C04F79EFBC}") = "SL", "SL\SL.csproj", "{4661F7FC-8BDD-4290-BE0C-041772ADA083}"
EndProject
Global
	GlobalSection(SolutionConfigurationPlatforms) = preSolution
		Debug|Any CPU = Debug|Any CPU
		Release|Any CPU = Release|Any CPU
	EndGlobalSection
	GlobalSection(ProjectConfigurationPlatforms) = postSolution
		{07E22A49-7D79-462A-929A-657829AFE358}.Debug|Any CPU.ActiveCfg = Debug|Any CPU
		{07E22A49-7D79-462A-929A-657829AFE358}.Debug|Any CPU.Build.0 = Debug|Any CPU
		{07E22A49-7D79-462A-929A-657829AFE358}.Release|Any CPU.ActiveCfg = Release|Any CPU
		{07E22A49-7D79-462A-929A-657829AFE358}.Release|Any CPU.Build.0 = Release|Any CPU
		{20677082-215D-4A4E-AD4F-87CA24A067A6}.Debug|Any CPU.ActiveCfg = Debug|Any CPU
		{20677082-215D-4A4E-AD4F-87CA24A067A6}.Debug|Any CPU.Build.0 = Debug|Any CPU
		{20677082-215D-4A4E-AD4F-87CA24A067A6}.Release|Any CPU.ActiveCfg = Release|Any CPU
		{20677082-215D-4A4E-AD4F-87CA24A067A6}.Release|Any CPU.Build.0 = Release|Any CPU
		{A1C56C46-D497-4B46-82AD-DCF191D63095}.Debug|Any CPU.ActiveCfg = Debug|Any CPU
		{A1C56C46-D497-4B46-82AD-DCF191D63095}.Debug|Any CPU.Build.0 = Debug|Any CPU
		{A1C56C46-D497-4B46-82AD-DCF191D63095}.Release|Any CPU.ActiveCfg = Release|Any CPU
		{A1C56C46-D497-4B46-82AD-DCF191D63095}.Release|Any CPU.Build.0 = Release|Any CPU
		{4610915C-4D5D-40C0-A588-3154DF0553FD}.Debug|Any CPU.ActiveCfg = Debug|Any CPU
		{4610915C-4D5D-40C0-A588-3154DF0553FD}.Debug|Any CPU.Build.0 = Debug|Any CPU
		{4610915C-4D5D-40C0-A588-3154DF0553FD}.Release|Any CPU.ActiveCfg = Release|Any CPU
		{4610915C-4D5D-40C0-A588-3154DF0553FD}.Release|Any CPU.Build.0 = Release|Any CPU
		{4661F7FC-8BDD-4290-BE0C-041772ADA083}.Debug|Any CPU.ActiveCfg = Debug|Any CPU
		{4661F7FC-8BDD-4290-BE0C-041772ADA083}.Debug|Any CPU.Build.0 = Debug|Any CPU
		{4661F7FC-8BDD-4290-BE0C-041772ADA083}.Release|Any CPU.ActiveCfg = Release|Any CPU
		{4661F7FC-8BDD-4290-BE0C-041772ADA083}.Release|Any CPU.Build.0 = Release|Any CPU
	EndGlobalSection
	GlobalSection(SolutionProperties) = preSolution
		HideSolutionNode = FALSE
	EndGlobalSection
	GlobalSection(ExtensibilityGlobals) = postSolution
		SolutionGuid = {25872A4E-46CD-484E-9931-AFD3FF918E7F}
	EndGlobalSection
EndGlobal
